
Microsoft Visual Studio Solution File, Format Version 12.00
# Visual Studio 15
VisualStudioVersion = 15.0.27130.2027
MinimumVisualStudioVersion = 10.0.40219.1
Project("{FAE04EC0-301F-11D3-BF4B-00C04F79EFBC}") = "Software Sales", "Software Sales\Software Sales.csproj", "{21A6FE02-5A7B-44E0-ABC0-5F502D5BB47A}"
EndProject
Global
	GlobalSection(SolutionConfigurationPlatforms) = preSolution
		Debug|Any CPU = Debug|Any CPU
		Release|Any CPU = Release|Any CPU
	EndGlobalSection
	GlobalSection(ProjectConfigurationPlatforms) = postSolution
		{21A6FE02-5A7B-44E0-ABC0-5F502D5BB47A}.Debug|Any CPU.ActiveCfg = Debug|Any CPU
		{21A6FE02-5A7B-44E0-ABC0-5F502D5BB47A}.Debug|Any CPU.Build.0 = Debug|Any CPU
		{21A6FE02-5A7B-44E0-ABC0-5F502D5BB47A}.Release|Any CPU.ActiveCfg = Release|Any CPU
		{21A6FE02-5A7B-44E0-ABC0-5F502D5BB47A}.Release|Any CPU.Build.0 = Release|Any CPU
	EndGlobalSection
	GlobalSection(SolutionProperties) = preSolution
		HideSolutionNode = FALSE
	EndGlobalSection
	GlobalSection(ExtensibilityGlobals) = postSolution
		SolutionGuid = {B84F8E2D-41EC-47FC-9C50-3629B4995CD4}
	EndGlobalSection
EndGlobal
