
Microsoft Visual Studio Solution File, Format Version 12.00
# Visual Studio 15
VisualStudioVersion = 15.0.27130.2027
MinimumVisualStudioVersion = 10.0.40219.1
Project("{FAE04EC0-301F-11D3-BF4B-00C04F79EFBC}") = "ABC Phone Number Translator", "ABC Phone Number Translator\ABC Phone Number Translator.csproj", "{9FCD9BA6-F8E4-475D-9EFC-468F4983089F}"
EndProject
Global
	GlobalSection(SolutionConfigurationPlatforms) = preSolution
		Debug|Any CPU = Debug|Any CPU
		Release|Any CPU = Release|Any CPU
	EndGlobalSection
	GlobalSection(ProjectConfigurationPlatforms) = postSolution
		{9FCD9BA6-F8E4-475D-9EFC-468F4983089F}.Debug|Any CPU.ActiveCfg = Debug|Any CPU
		{9FCD9BA6-F8E4-475D-9EFC-468F4983089F}.Debug|Any CPU.Build.0 = Debug|Any CPU
		{9FCD9BA6-F8E4-475D-9EFC-468F4983089F}.Release|Any CPU.ActiveCfg = Release|Any CPU
		{9FCD9BA6-F8E4-475D-9EFC-468F4983089F}.Release|Any CPU.Build.0 = Release|Any CPU
	EndGlobalSection
	GlobalSection(SolutionProperties) = preSolution
		HideSolutionNode = FALSE
	EndGlobalSection
	GlobalSection(ExtensibilityGlobals) = postSolution
		SolutionGuid = {EE8D82F7-54A3-45A0-9663-63CBB18CE29A}
	EndGlobalSection
EndGlobal
