
Microsoft Visual Studio Solution File, Format Version 12.00
# Visual Studio 15
VisualStudioVersion = 15.0.27130.2027
MinimumVisualStudioVersion = 10.0.40219.1
Project("{FAE04EC0-301F-11D3-BF4B-00C04F79EFBC}") = "Present Value", "Present Value\Present Value.csproj", "{80543101-1CB7-47C9-AF80-8AF0761EC22D}"
EndProject
Global
	GlobalSection(SolutionConfigurationPlatforms) = preSolution
		Debug|Any CPU = Debug|Any CPU
		Release|Any CPU = Release|Any CPU
	EndGlobalSection
	GlobalSection(ProjectConfigurationPlatforms) = postSolution
		{80543101-1CB7-47C9-AF80-8AF0761EC22D}.Debug|Any CPU.ActiveCfg = Debug|Any CPU
		{80543101-1CB7-47C9-AF80-8AF0761EC22D}.Debug|Any CPU.Build.0 = Debug|Any CPU
		{80543101-1CB7-47C9-AF80-8AF0761EC22D}.Release|Any CPU.ActiveCfg = Release|Any CPU
		{80543101-1CB7-47C9-AF80-8AF0761EC22D}.Release|Any CPU.Build.0 = Release|Any CPU
	EndGlobalSection
	GlobalSection(SolutionProperties) = preSolution
		HideSolutionNode = FALSE
	EndGlobalSection
	GlobalSection(ExtensibilityGlobals) = postSolution
		SolutionGuid = {62D9CD18-0B9F-43A3-BFE1-E4555AE52D61}
	EndGlobalSection
EndGlobal
