
Microsoft Visual Studio Solution File, Format Version 12.00
# Visual Studio 14
VisualStudioVersion = 14.0.25420.1
MinimumVisualStudioVersion = 10.0.40219.1
Project("{FAE04EC0-301F-11D3-BF4B-00C04F79EFBC}") = "Birth Date String", "Birth Date String\Birth Date String.csproj", "{F4C5D0CA-71EE-41B3-BF91-C4F698AA79EB}"
EndProject
Global
	GlobalSection(SolutionConfigurationPlatforms) = preSolution
		Debug|Any CPU = Debug|Any CPU
		Release|Any CPU = Release|Any CPU
	EndGlobalSection
	GlobalSection(ProjectConfigurationPlatforms) = postSolution
		{F4C5D0CA-71EE-41B3-BF91-C4F698AA79EB}.Debug|Any CPU.ActiveCfg = Debug|Any CPU
		{F4C5D0CA-71EE-41B3-BF91-C4F698AA79EB}.Debug|Any CPU.Build.0 = Debug|Any CPU
		{F4C5D0CA-71EE-41B3-BF91-C4F698AA79EB}.Release|Any CPU.ActiveCfg = Release|Any CPU
		{F4C5D0CA-71EE-41B3-BF91-C4F698AA79EB}.Release|Any CPU.Build.0 = Release|Any CPU
	EndGlobalSection
	GlobalSection(SolutionProperties) = preSolution
		HideSolutionNode = FALSE
	EndGlobalSection
EndGlobal
