
Microsoft Visual Studio Solution File, Format Version 12.00
# Visual Studio 15
VisualStudioVersion = 15.0.27130.2027
MinimumVisualStudioVersion = 10.0.40219.1
Project("{FAE04EC0-301F-11D3-BF4B-00C04F79EFBC}") = "Multiform Practice", "Multiform Practice\Multiform Practice.csproj", "{877A80EE-A881-4542-B358-262A138CD39B}"
EndProject
Global
	GlobalSection(SolutionConfigurationPlatforms) = preSolution
		Debug|Any CPU = Debug|Any CPU
		Release|Any CPU = Release|Any CPU
	EndGlobalSection
	GlobalSection(ProjectConfigurationPlatforms) = postSolution
		{877A80EE-A881-4542-B358-262A138CD39B}.Debug|Any CPU.ActiveCfg = Debug|Any CPU
		{877A80EE-A881-4542-B358-262A138CD39B}.Debug|Any CPU.Build.0 = Debug|Any CPU
		{877A80EE-A881-4542-B358-262A138CD39B}.Release|Any CPU.ActiveCfg = Release|Any CPU
		{877A80EE-A881-4542-B358-262A138CD39B}.Release|Any CPU.Build.0 = Release|Any CPU
	EndGlobalSection
	GlobalSection(SolutionProperties) = preSolution
		HideSolutionNode = FALSE
	EndGlobalSection
	GlobalSection(ExtensibilityGlobals) = postSolution
		SolutionGuid = {6A753110-D891-4506-8FDD-FDFEFB34208D}
	EndGlobalSection
EndGlobal
