
Microsoft Visual Studio Solution File, Format Version 12.00
# Visual Studio 15
VisualStudioVersion = 15.0.27130.2027
MinimumVisualStudioVersion = 10.0.40219.1
Project("{FAE04EC0-301F-11D3-BF4B-00C04F79EFBC}") = "Food Facts", "Food Facts\Food Facts.csproj", "{811A7655-1804-47EE-A9C6-3AC1B82F7603}"
EndProject
Global
	GlobalSection(SolutionConfigurationPlatforms) = preSolution
		Debug|Any CPU = Debug|Any CPU
		Release|Any CPU = Release|Any CPU
	EndGlobalSection
	GlobalSection(ProjectConfigurationPlatforms) = postSolution
		{811A7655-1804-47EE-A9C6-3AC1B82F7603}.Debug|Any CPU.ActiveCfg = Debug|Any CPU
		{811A7655-1804-47EE-A9C6-3AC1B82F7603}.Debug|Any CPU.Build.0 = Debug|Any CPU
		{811A7655-1804-47EE-A9C6-3AC1B82F7603}.Release|Any CPU.ActiveCfg = Release|Any CPU
		{811A7655-1804-47EE-A9C6-3AC1B82F7603}.Release|Any CPU.Build.0 = Release|Any CPU
	EndGlobalSection
	GlobalSection(SolutionProperties) = preSolution
		HideSolutionNode = FALSE
	EndGlobalSection
	GlobalSection(ExtensibilityGlobals) = postSolution
		SolutionGuid = {3CED7352-3C58-4364-BFDF-A83FC58F321D}
	EndGlobalSection
EndGlobal
