
Microsoft Visual Studio Solution File, Format Version 12.00
# Visual Studio 15
VisualStudioVersion = 15.0.27130.2027
MinimumVisualStudioVersion = 10.0.40219.1
Project("{FAE04EC0-301F-11D3-BF4B-00C04F79EFBC}") = "Vowels and Consonants", "Vowels and Consonants\Vowels and Consonants.csproj", "{E48BA2C5-0269-48B6-B143-CD31A17D27EF}"
EndProject
Global
	GlobalSection(SolutionConfigurationPlatforms) = preSolution
		Debug|Any CPU = Debug|Any CPU
		Release|Any CPU = Release|Any CPU
	EndGlobalSection
	GlobalSection(ProjectConfigurationPlatforms) = postSolution
		{E48BA2C5-0269-48B6-B143-CD31A17D27EF}.Debug|Any CPU.ActiveCfg = Debug|Any CPU
		{E48BA2C5-0269-48B6-B143-CD31A17D27EF}.Debug|Any CPU.Build.0 = Debug|Any CPU
		{E48BA2C5-0269-48B6-B143-CD31A17D27EF}.Release|Any CPU.ActiveCfg = Release|Any CPU
		{E48BA2C5-0269-48B6-B143-CD31A17D27EF}.Release|Any CPU.Build.0 = Release|Any CPU
	EndGlobalSection
	GlobalSection(SolutionProperties) = preSolution
		HideSolutionNode = FALSE
	EndGlobalSection
	GlobalSection(ExtensibilityGlobals) = postSolution
		SolutionGuid = {E6A46B92-7D94-487D-B590-F79751E7D8FE}
	EndGlobalSection
EndGlobal
