
Microsoft Visual Studio Solution File, Format Version 12.00
# Visual Studio 15
VisualStudioVersion = 15.0.27130.2027
MinimumVisualStudioVersion = 10.0.40219.1
Project("{FAE04EC0-301F-11D3-BF4B-00C04F79EFBC}") = "Calories Burned", "Calories Burned\Calories Burned.csproj", "{DA8CDFBA-975C-4CE1-BF7C-9588A00B1DEE}"
EndProject
Global
	GlobalSection(SolutionConfigurationPlatforms) = preSolution
		Debug|Any CPU = Debug|Any CPU
		Release|Any CPU = Release|Any CPU
	EndGlobalSection
	GlobalSection(ProjectConfigurationPlatforms) = postSolution
		{DA8CDFBA-975C-4CE1-BF7C-9588A00B1DEE}.Debug|Any CPU.ActiveCfg = Debug|Any CPU
		{DA8CDFBA-975C-4CE1-BF7C-9588A00B1DEE}.Debug|Any CPU.Build.0 = Debug|Any CPU
		{DA8CDFBA-975C-4CE1-BF7C-9588A00B1DEE}.Release|Any CPU.ActiveCfg = Release|Any CPU
		{DA8CDFBA-975C-4CE1-BF7C-9588A00B1DEE}.Release|Any CPU.Build.0 = Release|Any CPU
	EndGlobalSection
	GlobalSection(SolutionProperties) = preSolution
		HideSolutionNode = FALSE
	EndGlobalSection
	GlobalSection(ExtensibilityGlobals) = postSolution
		SolutionGuid = {D9617C86-AD5E-4EED-9C87-09330C79F577}
	EndGlobalSection
EndGlobal
