
Microsoft Visual Studio Solution File, Format Version 12.00
# Visual Studio 15
VisualStudioVersion = 15.0.27130.2027
MinimumVisualStudioVersion = 10.0.40219.1
Project("{FAE04EC0-301F-11D3-BF4B-00C04F79EFBC}") = "Addition Tutor", "Addition Tutor\Addition Tutor.csproj", "{058CAF5A-94FC-4D8F-84F7-9AD39E951781}"
EndProject
Global
	GlobalSection(SolutionConfigurationPlatforms) = preSolution
		Debug|Any CPU = Debug|Any CPU
		Release|Any CPU = Release|Any CPU
	EndGlobalSection
	GlobalSection(ProjectConfigurationPlatforms) = postSolution
		{058CAF5A-94FC-4D8F-84F7-9AD39E951781}.Debug|Any CPU.ActiveCfg = Debug|Any CPU
		{058CAF5A-94FC-4D8F-84F7-9AD39E951781}.Debug|Any CPU.Build.0 = Debug|Any CPU
		{058CAF5A-94FC-4D8F-84F7-9AD39E951781}.Release|Any CPU.ActiveCfg = Release|Any CPU
		{058CAF5A-94FC-4D8F-84F7-9AD39E951781}.Release|Any CPU.Build.0 = Release|Any CPU
	EndGlobalSection
	GlobalSection(SolutionProperties) = preSolution
		HideSolutionNode = FALSE
	EndGlobalSection
	GlobalSection(ExtensibilityGlobals) = postSolution
		SolutionGuid = {D633EBAB-4265-44BB-A9BC-25995DB9532D}
	EndGlobalSection
EndGlobal
