
Microsoft Visual Studio Solution File, Format Version 12.00
# Visual Studio 15
VisualStudioVersion = 15.0.27130.2027
MinimumVisualStudioVersion = 10.0.40219.1
Project("{FAE04EC0-301F-11D3-BF4B-00C04F79EFBC}") = "Name Search", "Name Search\Name Search.csproj", "{40321A7E-62A0-4B2E-B72B-8BFFAC3C12AA}"
EndProject
Global
	GlobalSection(SolutionConfigurationPlatforms) = preSolution
		Debug|Any CPU = Debug|Any CPU
		Release|Any CPU = Release|Any CPU
	EndGlobalSection
	GlobalSection(ProjectConfigurationPlatforms) = postSolution
		{40321A7E-62A0-4B2E-B72B-8BFFAC3C12AA}.Debug|Any CPU.ActiveCfg = Debug|Any CPU
		{40321A7E-62A0-4B2E-B72B-8BFFAC3C12AA}.Debug|Any CPU.Build.0 = Debug|Any CPU
		{40321A7E-62A0-4B2E-B72B-8BFFAC3C12AA}.Release|Any CPU.ActiveCfg = Release|Any CPU
		{40321A7E-62A0-4B2E-B72B-8BFFAC3C12AA}.Release|Any CPU.Build.0 = Release|Any CPU
	EndGlobalSection
	GlobalSection(SolutionProperties) = preSolution
		HideSolutionNode = FALSE
	EndGlobalSection
	GlobalSection(ExtensibilityGlobals) = postSolution
		SolutionGuid = {EAAD51FF-6326-4497-8660-9F1A02C75ACE}
	EndGlobalSection
EndGlobal
