
Microsoft Visual Studio Solution File, Format Version 12.00
# Visual Studio 15
VisualStudioVersion = 15.0.27130.2027
MinimumVisualStudioVersion = 10.0.40219.1
Project("{FAE04EC0-301F-11D3-BF4B-00C04F79EFBC}") = "Time Zone", "Time Zone\Time Zone.csproj", "{7828CFB4-E838-4A74-9785-D3FE94802B68}"
EndProject
Global
	GlobalSection(SolutionConfigurationPlatforms) = preSolution
		Debug|Any CPU = Debug|Any CPU
		Release|Any CPU = Release|Any CPU
	EndGlobalSection
	GlobalSection(ProjectConfigurationPlatforms) = postSolution
		{7828CFB4-E838-4A74-9785-D3FE94802B68}.Debug|Any CPU.ActiveCfg = Debug|Any CPU
		{7828CFB4-E838-4A74-9785-D3FE94802B68}.Debug|Any CPU.Build.0 = Debug|Any CPU
		{7828CFB4-E838-4A74-9785-D3FE94802B68}.Release|Any CPU.ActiveCfg = Release|Any CPU
		{7828CFB4-E838-4A74-9785-D3FE94802B68}.Release|Any CPU.Build.0 = Release|Any CPU
	EndGlobalSection
	GlobalSection(SolutionProperties) = preSolution
		HideSolutionNode = FALSE
	EndGlobalSection
	GlobalSection(ExtensibilityGlobals) = postSolution
		SolutionGuid = {F453A3DD-B815-42DC-8813-33431B499FC7}
	EndGlobalSection
EndGlobal
