
Microsoft Visual Studio Solution File, Format Version 12.00
# Visual Studio 15
VisualStudioVersion = 15.0.27130.2027
MinimumVisualStudioVersion = 10.0.40219.1
Project("{FAE04EC0-301F-11D3-BF4B-00C04F79EFBC}") = "Hospital Charges", "Hospital Charges\Hospital Charges.csproj", "{B0F0A966-B860-42EE-B870-C4EC1C516690}"
EndProject
Global
	GlobalSection(SolutionConfigurationPlatforms) = preSolution
		Debug|Any CPU = Debug|Any CPU
		Release|Any CPU = Release|Any CPU
	EndGlobalSection
	GlobalSection(ProjectConfigurationPlatforms) = postSolution
		{B0F0A966-B860-42EE-B870-C4EC1C516690}.Debug|Any CPU.ActiveCfg = Debug|Any CPU
		{B0F0A966-B860-42EE-B870-C4EC1C516690}.Debug|Any CPU.Build.0 = Debug|Any CPU
		{B0F0A966-B860-42EE-B870-C4EC1C516690}.Release|Any CPU.ActiveCfg = Release|Any CPU
		{B0F0A966-B860-42EE-B870-C4EC1C516690}.Release|Any CPU.Build.0 = Release|Any CPU
	EndGlobalSection
	GlobalSection(SolutionProperties) = preSolution
		HideSolutionNode = FALSE
	EndGlobalSection
	GlobalSection(ExtensibilityGlobals) = postSolution
		SolutionGuid = {A156400B-3512-4660-9363-F0B25F6D986C}
	EndGlobalSection
EndGlobal
