
Microsoft Visual Studio Solution File, Format Version 12.00
# Visual Studio 15
VisualStudioVersion = 15.0.27130.2027
MinimumVisualStudioVersion = 10.0.40219.1
Project("{FAE04EC0-301F-11D3-BF4B-00C04F79EFBC}") = "Falling Distance", "Falling Distance\Falling Distance.csproj", "{FE7213FF-9B9E-4CE1-92BF-8F7408595B2B}"
EndProject
Global
	GlobalSection(SolutionConfigurationPlatforms) = preSolution
		Debug|Any CPU = Debug|Any CPU
		Release|Any CPU = Release|Any CPU
	EndGlobalSection
	GlobalSection(ProjectConfigurationPlatforms) = postSolution
		{FE7213FF-9B9E-4CE1-92BF-8F7408595B2B}.Debug|Any CPU.ActiveCfg = Debug|Any CPU
		{FE7213FF-9B9E-4CE1-92BF-8F7408595B2B}.Debug|Any CPU.Build.0 = Debug|Any CPU
		{FE7213FF-9B9E-4CE1-92BF-8F7408595B2B}.Release|Any CPU.ActiveCfg = Release|Any CPU
		{FE7213FF-9B9E-4CE1-92BF-8F7408595B2B}.Release|Any CPU.Build.0 = Release|Any CPU
	EndGlobalSection
	GlobalSection(SolutionProperties) = preSolution
		HideSolutionNode = FALSE
	EndGlobalSection
	GlobalSection(ExtensibilityGlobals) = postSolution
		SolutionGuid = {F06DBA9B-ACFB-4C33-BB6D-7F8B791ED70E}
	EndGlobalSection
EndGlobal
