
Microsoft Visual Studio Solution File, Format Version 12.00
# Visual Studio 15
VisualStudioVersion = 15.0.27130.2027
MinimumVisualStudioVersion = 10.0.40219.1
Project("{FAE04EC0-301F-11D3-BF4B-00C04F79EFBC}") = "Retail Inventory Info", "Retail Inventory Info\Retail Inventory Info.csproj", "{5B9699D3-A02A-4427-88BA-4F25D673293E}"
EndProject
Global
	GlobalSection(SolutionConfigurationPlatforms) = preSolution
		Debug|Any CPU = Debug|Any CPU
		Release|Any CPU = Release|Any CPU
	EndGlobalSection
	GlobalSection(ProjectConfigurationPlatforms) = postSolution
		{5B9699D3-A02A-4427-88BA-4F25D673293E}.Debug|Any CPU.ActiveCfg = Debug|Any CPU
		{5B9699D3-A02A-4427-88BA-4F25D673293E}.Debug|Any CPU.Build.0 = Debug|Any CPU
		{5B9699D3-A02A-4427-88BA-4F25D673293E}.Release|Any CPU.ActiveCfg = Release|Any CPU
		{5B9699D3-A02A-4427-88BA-4F25D673293E}.Release|Any CPU.Build.0 = Release|Any CPU
	EndGlobalSection
	GlobalSection(SolutionProperties) = preSolution
		HideSolutionNode = FALSE
	EndGlobalSection
	GlobalSection(ExtensibilityGlobals) = postSolution
		SolutionGuid = {D8C27189-0ED0-4D2A-BA95-C3B69317F4C6}
	EndGlobalSection
EndGlobal
