
Microsoft Visual Studio Solution File, Format Version 12.00
# Visual Studio 15
VisualStudioVersion = 15.0.27130.2027
MinimumVisualStudioVersion = 10.0.40219.1
Project("{FAE04EC0-301F-11D3-BF4B-00C04F79EFBC}") = "Roman Numeral Converter", "Roman Numeral Converter\Roman Numeral Converter.csproj", "{791B6839-448D-4FB1-AAB5-5CB76F29D783}"
EndProject
Global
	GlobalSection(SolutionConfigurationPlatforms) = preSolution
		Debug|Any CPU = Debug|Any CPU
		Release|Any CPU = Release|Any CPU
	EndGlobalSection
	GlobalSection(ProjectConfigurationPlatforms) = postSolution
		{791B6839-448D-4FB1-AAB5-5CB76F29D783}.Debug|Any CPU.ActiveCfg = Debug|Any CPU
		{791B6839-448D-4FB1-AAB5-5CB76F29D783}.Debug|Any CPU.Build.0 = Debug|Any CPU
		{791B6839-448D-4FB1-AAB5-5CB76F29D783}.Release|Any CPU.ActiveCfg = Release|Any CPU
		{791B6839-448D-4FB1-AAB5-5CB76F29D783}.Release|Any CPU.Build.0 = Release|Any CPU
	EndGlobalSection
	GlobalSection(SolutionProperties) = preSolution
		HideSolutionNode = FALSE
	EndGlobalSection
	GlobalSection(ExtensibilityGlobals) = postSolution
		SolutionGuid = {59FAE6E7-A2E3-4C10-ABBC-A607CBC33120}
	EndGlobalSection
EndGlobal
