
Microsoft Visual Studio Solution File, Format Version 12.00
# Visual Studio 15
VisualStudioVersion = 15.0.27130.2027
MinimumVisualStudioVersion = 10.0.40219.1
Project("{FAE04EC0-301F-11D3-BF4B-00C04F79EFBC}") = "Racing Game", "Racing Game\Racing Game.csproj", "{D521DD2D-BE30-48CE-9082-E23E0F4ED886}"
EndProject
Global
	GlobalSection(SolutionConfigurationPlatforms) = preSolution
		Debug|Any CPU = Debug|Any CPU
		Release|Any CPU = Release|Any CPU
	EndGlobalSection
	GlobalSection(ProjectConfigurationPlatforms) = postSolution
		{D521DD2D-BE30-48CE-9082-E23E0F4ED886}.Debug|Any CPU.ActiveCfg = Debug|Any CPU
		{D521DD2D-BE30-48CE-9082-E23E0F4ED886}.Debug|Any CPU.Build.0 = Debug|Any CPU
		{D521DD2D-BE30-48CE-9082-E23E0F4ED886}.Release|Any CPU.ActiveCfg = Release|Any CPU
		{D521DD2D-BE30-48CE-9082-E23E0F4ED886}.Release|Any CPU.Build.0 = Release|Any CPU
	EndGlobalSection
	GlobalSection(SolutionProperties) = preSolution
		HideSolutionNode = FALSE
	EndGlobalSection
	GlobalSection(ExtensibilityGlobals) = postSolution
		SolutionGuid = {4C6B4196-5461-485D-B935-FBCEE2058F5C}
	EndGlobalSection
EndGlobal
