
Microsoft Visual Studio Solution File, Format Version 12.00
# Visual Studio 15
VisualStudioVersion = 15.0.27130.2027
MinimumVisualStudioVersion = 10.0.40219.1
Project("{FAE04EC0-301F-11D3-BF4B-00C04F79EFBC}") = "Time Calculator", "Time Calculator\Time Calculator.csproj", "{84CB1E43-3DB9-477C-8E1A-70F4F0A9BE76}"
EndProject
Global
	GlobalSection(SolutionConfigurationPlatforms) = preSolution
		Debug|Any CPU = Debug|Any CPU
		Release|Any CPU = Release|Any CPU
	EndGlobalSection
	GlobalSection(ProjectConfigurationPlatforms) = postSolution
		{84CB1E43-3DB9-477C-8E1A-70F4F0A9BE76}.Debug|Any CPU.ActiveCfg = Debug|Any CPU
		{84CB1E43-3DB9-477C-8E1A-70F4F0A9BE76}.Debug|Any CPU.Build.0 = Debug|Any CPU
		{84CB1E43-3DB9-477C-8E1A-70F4F0A9BE76}.Release|Any CPU.ActiveCfg = Release|Any CPU
		{84CB1E43-3DB9-477C-8E1A-70F4F0A9BE76}.Release|Any CPU.Build.0 = Release|Any CPU
	EndGlobalSection
	GlobalSection(SolutionProperties) = preSolution
		HideSolutionNode = FALSE
	EndGlobalSection
	GlobalSection(ExtensibilityGlobals) = postSolution
		SolutionGuid = {1F303852-EA63-46DB-8A9E-3A35C94A1468}
	EndGlobalSection
EndGlobal
