
Microsoft Visual Studio Solution File, Format Version 12.00
# Visual Studio 15
VisualStudioVersion = 15.0.27130.2027
MinimumVisualStudioVersion = 10.0.40219.1
Project("{FAE04EC0-301F-11D3-BF4B-00C04F79EFBC}") = "Discounts", "Discounts\Discounts.csproj", "{CDC861E9-B16C-4036-AB26-25FE969603A3}"
EndProject
Global
	GlobalSection(SolutionConfigurationPlatforms) = preSolution
		Debug|Any CPU = Debug|Any CPU
		Release|Any CPU = Release|Any CPU
	EndGlobalSection
	GlobalSection(ProjectConfigurationPlatforms) = postSolution
		{CDC861E9-B16C-4036-AB26-25FE969603A3}.Debug|Any CPU.ActiveCfg = Debug|Any CPU
		{CDC861E9-B16C-4036-AB26-25FE969603A3}.Debug|Any CPU.Build.0 = Debug|Any CPU
		{CDC861E9-B16C-4036-AB26-25FE969603A3}.Release|Any CPU.ActiveCfg = Release|Any CPU
		{CDC861E9-B16C-4036-AB26-25FE969603A3}.Release|Any CPU.Build.0 = Release|Any CPU
	EndGlobalSection
	GlobalSection(SolutionProperties) = preSolution
		HideSolutionNode = FALSE
	EndGlobalSection
	GlobalSection(ExtensibilityGlobals) = postSolution
		SolutionGuid = {AEF028BD-7BCA-42EC-A1B7-AD35ECDF4391}
	EndGlobalSection
EndGlobal
