
Microsoft Visual Studio Solution File, Format Version 12.00
# Visual Studio 15
VisualStudioVersion = 15.0.27130.2027
MinimumVisualStudioVersion = 10.0.40219.1
Project("{FAE04EC0-301F-11D3-BF4B-00C04F79EFBC}") = "Kinetic Energy", "Kinetic Energy\Kinetic Energy.csproj", "{E614BB14-8540-4735-959D-45C53F70B31A}"
EndProject
Global
	GlobalSection(SolutionConfigurationPlatforms) = preSolution
		Debug|Any CPU = Debug|Any CPU
		Release|Any CPU = Release|Any CPU
	EndGlobalSection
	GlobalSection(ProjectConfigurationPlatforms) = postSolution
		{E614BB14-8540-4735-959D-45C53F70B31A}.Debug|Any CPU.ActiveCfg = Debug|Any CPU
		{E614BB14-8540-4735-959D-45C53F70B31A}.Debug|Any CPU.Build.0 = Debug|Any CPU
		{E614BB14-8540-4735-959D-45C53F70B31A}.Release|Any CPU.ActiveCfg = Release|Any CPU
		{E614BB14-8540-4735-959D-45C53F70B31A}.Release|Any CPU.Build.0 = Release|Any CPU
	EndGlobalSection
	GlobalSection(SolutionProperties) = preSolution
		HideSolutionNode = FALSE
	EndGlobalSection
	GlobalSection(ExtensibilityGlobals) = postSolution
		SolutionGuid = {6E946D0E-24C7-4144-8C20-A9D81577A218}
	EndGlobalSection
EndGlobal
