
Microsoft Visual Studio Solution File, Format Version 12.00
# Visual Studio 15
VisualStudioVersion = 15.0.27130.2027
MinimumVisualStudioVersion = 10.0.40219.1
Project("{FAE04EC0-301F-11D3-BF4B-00C04F79EFBC}") = "Personal Information", "Personal Information\Personal Information.csproj", "{0FE34C3B-81A2-4E33-B88B-53BEDFBF17DC}"
EndProject
Global
	GlobalSection(SolutionConfigurationPlatforms) = preSolution
		Debug|Any CPU = Debug|Any CPU
		Release|Any CPU = Release|Any CPU
	EndGlobalSection
	GlobalSection(ProjectConfigurationPlatforms) = postSolution
		{0FE34C3B-81A2-4E33-B88B-53BEDFBF17DC}.Debug|Any CPU.ActiveCfg = Debug|Any CPU
		{0FE34C3B-81A2-4E33-B88B-53BEDFBF17DC}.Debug|Any CPU.Build.0 = Debug|Any CPU
		{0FE34C3B-81A2-4E33-B88B-53BEDFBF17DC}.Release|Any CPU.ActiveCfg = Release|Any CPU
		{0FE34C3B-81A2-4E33-B88B-53BEDFBF17DC}.Release|Any CPU.Build.0 = Release|Any CPU
	EndGlobalSection
	GlobalSection(SolutionProperties) = preSolution
		HideSolutionNode = FALSE
	EndGlobalSection
	GlobalSection(ExtensibilityGlobals) = postSolution
		SolutionGuid = {F2FA0EB7-BE2E-4C9C-B6D0-083C1FBCFBF6}
	EndGlobalSection
EndGlobal
