
Microsoft Visual Studio Solution File, Format Version 12.00
# Visual Studio 15
VisualStudioVersion = 15.0.27130.2027
MinimumVisualStudioVersion = 10.0.40219.1
Project("{FAE04EC0-301F-11D3-BF4B-00C04F79EFBC}") = "Dice Simulator", "Dice Simulator\Dice Simulator.csproj", "{3C50B481-0AEE-4DC6-9C10-2B4D334E25BC}"
EndProject
Global
	GlobalSection(SolutionConfigurationPlatforms) = preSolution
		Debug|Any CPU = Debug|Any CPU
		Release|Any CPU = Release|Any CPU
	EndGlobalSection
	GlobalSection(ProjectConfigurationPlatforms) = postSolution
		{3C50B481-0AEE-4DC6-9C10-2B4D334E25BC}.Debug|Any CPU.ActiveCfg = Debug|Any CPU
		{3C50B481-0AEE-4DC6-9C10-2B4D334E25BC}.Debug|Any CPU.Build.0 = Debug|Any CPU
		{3C50B481-0AEE-4DC6-9C10-2B4D334E25BC}.Release|Any CPU.ActiveCfg = Release|Any CPU
		{3C50B481-0AEE-4DC6-9C10-2B4D334E25BC}.Release|Any CPU.Build.0 = Release|Any CPU
	EndGlobalSection
	GlobalSection(SolutionProperties) = preSolution
		HideSolutionNode = FALSE
	EndGlobalSection
	GlobalSection(ExtensibilityGlobals) = postSolution
		SolutionGuid = {0800A78A-EE0C-4814-9FFD-1D1D3A50A595}
	EndGlobalSection
EndGlobal
