
Microsoft Visual Studio Solution File, Format Version 12.00
# Visual Studio 15
VisualStudioVersion = 15.0.27130.2027
MinimumVisualStudioVersion = 10.0.40219.1
Project("{FAE04EC0-301F-11D3-BF4B-00C04F79EFBC}") = "Factorials_Ch5_12", "Factorials_Ch5_12\Factorials_Ch5_12.csproj", "{51B92165-57BE-4CB8-ACFA-1D6384ECFB74}"
EndProject
Global
	GlobalSection(SolutionConfigurationPlatforms) = preSolution
		Debug|Any CPU = Debug|Any CPU
		Release|Any CPU = Release|Any CPU
	EndGlobalSection
	GlobalSection(ProjectConfigurationPlatforms) = postSolution
		{51B92165-57BE-4CB8-ACFA-1D6384ECFB74}.Debug|Any CPU.ActiveCfg = Debug|Any CPU
		{51B92165-57BE-4CB8-ACFA-1D6384ECFB74}.Debug|Any CPU.Build.0 = Debug|Any CPU
		{51B92165-57BE-4CB8-ACFA-1D6384ECFB74}.Release|Any CPU.ActiveCfg = Release|Any CPU
		{51B92165-57BE-4CB8-ACFA-1D6384ECFB74}.Release|Any CPU.Build.0 = Release|Any CPU
	EndGlobalSection
	GlobalSection(SolutionProperties) = preSolution
		HideSolutionNode = FALSE
	EndGlobalSection
	GlobalSection(ExtensibilityGlobals) = postSolution
		SolutionGuid = {BB460345-DC02-42B0-A42A-63DA64616A31}
	EndGlobalSection
EndGlobal
